<?xml version="1.0" encoding="UTF-8"?>
<Scheme
   LastUpgradeVersion = "0730"
   version = "1.3">
   <BuildAction
      parallelizeBuildables = "YES"
      buildImplicitDependencies = "YES">
      <BuildActionEntries>
         <BuildActionEntry
            buildForTesting = "YES"
            buildForRunning = "YES"
            buildForProfiling = "YES"
            buildForArchiving = "YES"
            buildForAnalyzing = "YES">
            <BuildableReference
               BuildableIdentifier = "primary"
               BlueprintIdentifier = "AFA91DAC1D00653A002B3844"
               BuildableName = "AppleSolutionsWatch.app"
               BlueprintName = "AppleSolutionsWatch"
               ReferencedContainer = "container:AppleSolutions.xcodeproj">
            </BuildableReference>
         </BuildActionEntry>
         <BuildActionEntry
            buildForTesting = "YES"
            buildForRunning = "YES"
            buildForProfiling = "YES"
            buildForArchiving = "YES"
            buildForAnalyzing = "YES">
            <BuildableReference
               BuildableIdentifier = "primary"
               BlueprintIdentifier = "AFA91DB81D00653B002B3844"
               BuildableName = "AppleSolutionsWatch Extension.appex"
               BlueprintName = "AppleSolutionsWatch Extension"
               ReferencedContainer = "container:AppleSolutions.xcodeproj">
            </BuildableReference>
         </BuildActionEntry>
         <BuildActionEntry
            buildForTesting = "YES"
            buildForRunning = "YES"
            buildForProfiling = "YES"
            buildForArchiving = "YES"
            buildForAnalyzing = "YES">
            <BuildableReference
               BuildableIdentifier = "primary"
               BlueprintIdentifier = "83C3719F1BF046B300AED114"
               BuildableName = "AppleSolutions.app"
               BlueprintName = "AppleSolutions"
               ReferencedContainer = "container:AppleSolutions.xcodeproj">
            </BuildableReference>
         </BuildActionEntry>
      </BuildActionEntries>
   </BuildAction>
   <TestAction
      buildConfiguration = "Debug"
      selectedDebuggerIdentifier = "Xcode.DebuggerFoundation.Debugger.LLDB"
      selectedLauncherIdentifier = "Xcode.DebuggerFoundation.Launcher.LLDB"
      shouldUseLaunchSchemeArgsEnv = "YES">
      <Testables>
      </Testables>
      <MacroExpansion>
         <BuildableReference
            BuildableIdentifier = "primary"
            BlueprintIdentifier = "AFA91DAC1D00653A002B3844"
            BuildableName = "AppleSolutionsWatch.app"
            BlueprintName = "AppleSolutionsWatch"
            ReferencedContainer = "container:AppleSolutions.xcodeproj">
         </BuildableReference>
      </MacroExpansion>
      <AdditionalOptions>
      </AdditionalOptions>
   </TestAction>
   <LaunchAction
      buildConfiguration = "Debug"
      selectedDebuggerIdentifier = "Xcode.DebuggerFoundation.Debugger.LLDB"
      selectedLauncherIdentifier = "Xcode.DebuggerFoundation.Launcher.LLDB"
      launchStyle = "0"
      useCustomWorkingDirectory = "NO"
      ignoresPersistentStateOnLaunch = "NO"
      debugDocumentVersioning = "YES"
      debugServiceExtension = "internal"
      allowLocationSimulation = "YES">
      <RemoteRunnable
         runnableDebuggingMode = "2"
         BundleIdentifier = "com.apple.carousel"
         RemotePath = "/AppleSolutions">
         <BuildableReference
            BuildableIdentifier = "primary"
            BlueprintIdentifier = "AFA91DAC1D00653A002B3844"
            BuildableName = "AppleSolutionsWatch.app"
            BlueprintName = "AppleSolutionsWatch"
            ReferencedContainer = "container:AppleSolutions.xcodeproj">
         </BuildableReference>
      </RemoteRunnable>
      <MacroExpansion>
         <BuildableReference
            BuildableIdentifier = "primary"
            BlueprintIdentifier = "AFA91DAC1D00653A002B3844"
            BuildableName = "AppleSolutionsWatch.app"
            BlueprintName = "AppleSolutionsWatch"
            ReferencedContainer = "container:AppleSolutions.xcodeproj">
         </BuildableReference>
      </MacroExpansion>
      <AdditionalOptions>
      </AdditionalOptions>
   </LaunchAction>
   <ProfileAction
      buildConfiguration = "Release"
      shouldUseLaunchSchemeArgsEnv = "YES"
      savedToolIdentifier = ""
      useCustomWorkingDirectory = "NO"
      debugDocumentVersioning = "YES">
      <RemoteRunnable
         runnableDebuggingMode = "2"
         BundleIdentifier = "com.apple.carousel"
         RemotePath = "/AppleSolutions">
         <BuildableReference
            BuildableIdentifier = "primary"
            BlueprintIdentifier = "AFA91DAC1D00653A002B3844"
            BuildableName = "AppleSolutionsWatch.app"
            BlueprintName = "AppleSolutionsWatch"
            ReferencedContainer = "container:AppleSolutions.xcodeproj">
         </BuildableReference>
      </RemoteRunnable>
      <MacroExpansion>
         <BuildableReference
            BuildableIdentifier = "primary"
            BlueprintIdentifier = "AFA91DAC1D00653A002B3844"
            BuildableName = "AppleSolutionsWatch.app"
            BlueprintName = "AppleSolutionsWatch"
            ReferencedContainer = "container:AppleSolutions.xcodeproj">
         </BuildableReference>
      </MacroExpansion>
   </ProfileAction>
   <AnalyzeAction
      buildConfiguration = "Debug">
   </AnalyzeAction>
   <ArchiveAction
      buildConfiguration = "Release"
      revealArchiveInOrganizer = "YES">
   </ArchiveAction>
</Scheme>
